
Microsoft Visual Studio Solution File, Format Version 12.00
# Visual Studio Version 17
VisualStudioVersion = 17.9.34622.214
MinimumVisualStudioVersion = 10.0.40219.1
Project("{8BC9CEB8-8B4A-11D0-8D11-00A0C91BC942}") = "TEST", "TEST.vcxproj", "{D09D9F00-A66F-44F4-ABB1-69D09E196730}"
EndProject
Global
	GlobalSection(SolutionConfigurationPlatforms) = preSolution
		Debug|x64 = Debug|x64
		Debug|x86 = Debug|x86
		Release|x64 = Release|x64
		Release|x86 = Release|x86
	EndGlobalSection
	GlobalSection(ProjectConfigurationPlatforms) = postSolution
		{D09D9F00-A66F-44F4-ABB1-69D09E196730}.Debug|x64.ActiveCfg = Debug|x64
		{D09D9F00-A66F-44F4-ABB1-69D09E196730}.Debug|x64.Build.0 = Debug|x64
		{D09D9F00-A66F-44F4-ABB1-69D09E196730}.Debug|x86.ActiveCfg = Debug|Win32
		{D09D9F00-A66F-44F4-ABB1-69D09E196730}.Debug|x86.Build.0 = Debug|Win32
		{D09D9F00-A66F-44F4-ABB1-69D09E196730}.Release|x64.ActiveCfg = Release|x64
		{D09D9F00-A66F-44F4-ABB1-69D09E196730}.Release|x64.Build.0 = Release|x64
		{D09D9F00-A66F-44F4-ABB1-69D09E196730}.Release|x86.ActiveCfg = Release|Win32
		{D09D9F00-A66F-44F4-ABB1-69D09E196730}.Release|x86.Build.0 = Release|Win32
	EndGlobalSection
	GlobalSection(SolutionProperties) = preSolution
		HideSolutionNode = FALSE
	EndGlobalSection
	GlobalSection(ExtensibilityGlobals) = postSolution
		SolutionGuid = {09614A99-D6D2-4914-AF0A-98CC85627D29}
	EndGlobalSection
EndGlobal
